<?xml version="1.0" encoding="utf-8"?>
<Project ToolsVersion="4.0" xmlns="http://schemas.microsoft.com/developer/msbuild/2003">
  <ItemGroup>
    <Filter Include="Source Files">
      <UniqueIdentifier>{4FC737F1-C7A5-4376-A066-2A32D752A2FF}</UniqueIdentifier>
      <Extensions>cpp;c;cc;cxx;def;odl;idl;hpj;bat;asm;asmx</Extensions>
    </Filter>
    <Filter Include="Header Files">
      <UniqueIdentifier>{93995380-89BD-4b04-88EB-625FBE52EBFB}</UniqueIdentifier>
      <Extensions>h;hh;hpp;hxx;hm;inl;inc;xsd</Extensions>
    </Filter>
    <Filter Include="Resource Files">
      <UniqueIdentifier>{67DA6AB6-F800-4c08-8B7A-83BB121AAD01}</UniqueIdentifier>
      <Extensions>rc;ico;cur;bmp;dlg;rc2;rct;bin;rgs;gif;jpg;jpeg;jpe;resx;tiff;tif;png;wav;mfcribbon-ms</Extensions>
    </Filter>
    <Filter Include="Header Files\RLCMessage">
      <UniqueIdentifier>{fa62ef90-3187-48d9-84ef-65b2eda421f4}</UniqueIdentifier>
    </Filter>
    <Filter Include="Source Files\RLCMessage">
      <UniqueIdentifier>{3bc555bb-5a8b-47c2-9332-37cf9ee480e0}</UniqueIdentifier>
    </Filter>
  </ItemGroup>
  <ItemGroup>
    <None Include="Sova.ino" />
  </ItemGroup>
  <ItemGroup>
    <ClInclude Include="__vm\.Sova.vsarduino.h">
      <Filter>Header Files</Filter>
    </ClInclude>
    <ClInclude Include="__vm\.RemoteLEDControlClient.vsarduino.h">
      <Filter>Header Files</Filter>
    </ClInclude>
    <ClInclude Include="RLCSetting.h">
      <Filter>Header Files</Filter>
    </ClInclude>
    <ClInclude Include="RLCMessageParserOld.h">
      <Filter>Header Files</Filter>
    </ClInclude>
    <ClInclude Include="RLCMessage\RLCEnums.h">
      <Filter>Header Files\RLCMessage</Filter>
    </ClInclude>
    <ClInclude Include="RLCMessage\RLCMessage.h">
      <Filter>Header Files\RLCMessage</Filter>
    </ClInclude>
    <ClInclude Include="RLCMessage\RLCMessageParser.h">
      <Filter>Header Files\RLCMessage</Filter>
    </ClInclude>
    <ClInclude Include="RLCMessage\RLCMessageFactory.h">
      <Filter>Header Files\RLCMessage</Filter>
    </ClInclude>
  </ItemGroup>
  <ItemGroup>
    <ClCompile Include="RLCSetting.cpp">
      <Filter>Source Files</Filter>
    </ClCompile>
    <ClCompile Include="RLCMessageParserOld.cpp">
      <Filter>Source Files</Filter>
    </ClCompile>
    <ClCompile Include="RLCMessage\RLCMessage.cpp">
      <Filter>Source Files\RLCMessage</Filter>
    </ClCompile>
    <ClCompile Include="RLCMessage\RLCMessageParser.cpp">
      <Filter>Source Files\RLCMessage</Filter>
    </ClCompile>
    <ClCompile Include="RLCMessage\RLCMessageFactory.cpp">
      <Filter>Source Files\RLCMessage</Filter>
    </ClCompile>
  </ItemGroup>
</Project>