<?xml version="1.0" encoding="utf-8"?>
<Project ToolsVersion="4.0" xmlns="http://schemas.microsoft.com/developer/msbuild/2003">
  <ItemGroup>
    <Filter Include="Source Files">
      <UniqueIdentifier>{4FC737F1-C7A5-4376-A066-2A32D752A2FF}</UniqueIdentifier>
      <Extensions>cpp;c;cc;cxx;def;odl;idl;hpj;bat;asm;asmx</Extensions>
    </Filter>
    <Filter Include="Header Files">
      <UniqueIdentifier>{93995380-89BD-4b04-88EB-625FBE52EBFB}</UniqueIdentifier>
      <Extensions>h;hh;hpp;hxx;hm;inl;inc;xsd</Extensions>
    </Filter>
    <Filter Include="Resource Files">
      <UniqueIdentifier>{67DA6AB6-F800-4c08-8B7A-83BB121AAD01}</UniqueIdentifier>
      <Extensions>rc;ico;cur;bmp;dlg;rc2;rct;bin;rgs;gif;jpg;jpeg;jpe;resx;tiff;tif;png;wav;mfcribbon-ms</Extensions>
    </Filter>
    <Filter Include="Header Files\RLCMessage">
      <UniqueIdentifier>{fa62ef90-3187-48d9-84ef-65b2eda421f4}</UniqueIdentifier>
    </Filter>
    <Filter Include="Source Files\RLCMessage">
      <UniqueIdentifier>{3bc555bb-5a8b-47c2-9332-37cf9ee480e0}</UniqueIdentifier>
    </Filter>
    <Filter Include="Header Files\TimeSynchronization">
      <UniqueIdentifier>{605b32ce-ed3b-48cd-8b3f-a720727e1546}</UniqueIdentifier>
    </Filter>
    <Filter Include="Source Files\TimeSynchronization">
      <UniqueIdentifier>{3b76151c-d619-4055-bf56-8e0591e6742e}</UniqueIdentifier>
    </Filter>
    <Filter Include="Header Files\RLCLedController">
      <UniqueIdentifier>{4339655c-3be4-4b29-b288-ca6ca81ece36}</UniqueIdentifier>
    </Filter>
    <Filter Include="Source Files\RLCLedController">
      <UniqueIdentifier>{613e2e00-62e4-4b06-a2dc-645b5fd3b30b}</UniqueIdentifier>
    </Filter>
  </ItemGroup>
  <ItemGroup>
    <None Include="Sova.ino" />
  </ItemGroup>
  <ItemGroup>
    <ClInclude Include="__vm\.Sova.vsarduino.h">
      <Filter>Header Files</Filter>
    </ClInclude>
    <ClInclude Include="__vm\.RemoteLEDControlClient.vsarduino.h">
      <Filter>Header Files</Filter>
    </ClInclude>
    <ClInclude Include="RLCSetting.h">
      <Filter>Header Files</Filter>
    </ClInclude>
    <ClInclude Include="RLCMessageParserOld.h">
      <Filter>Header Files</Filter>
    </ClInclude>
    <ClInclude Include="RLCMessage\RLCEnums.h">
      <Filter>Header Files\RLCMessage</Filter>
    </ClInclude>
    <ClInclude Include="RLCMessage\RLCMessage.h">
      <Filter>Header Files\RLCMessage</Filter>
    </ClInclude>
    <ClInclude Include="RLCMessage\RLCMessageParser.h">
      <Filter>Header Files\RLCMessage</Filter>
    </ClInclude>
    <ClInclude Include="RLCMessage\RLCMessageFactory.h">
      <Filter>Header Files\RLCMessage</Filter>
    </ClInclude>
    <ClInclude Include="TimeSynchronization\SyncTime.h">
      <Filter>Header Files\TimeSynchronization</Filter>
    </ClInclude>
    <ClInclude Include="TimeSynchronization\Time.h">
      <Filter>Header Files\TimeSynchronization</Filter>
    </ClInclude>
    <ClInclude Include="RLCLedController\RLCLedController.h">
      <Filter>Header Files\RLCLedController</Filter>
    </ClInclude>
  </ItemGroup>
  <ItemGroup>
    <ClCompile Include="RLCSetting.cpp">
      <Filter>Source Files</Filter>
    </ClCompile>
    <ClCompile Include="RLCMessageParserOld.cpp">
      <Filter>Source Files</Filter>
    </ClCompile>
    <ClCompile Include="RLCMessage\RLCMessage.cpp">
      <Filter>Source Files\RLCMessage</Filter>
    </ClCompile>
    <ClCompile Include="RLCMessage\RLCMessageParser.cpp">
      <Filter>Source Files\RLCMessage</Filter>
    </ClCompile>
    <ClCompile Include="RLCMessage\RLCMessageFactory.cpp">
      <Filter>Source Files\RLCMessage</Filter>
    </ClCompile>
    <ClCompile Include="TimeSynchronization\SyncTime.cpp">
      <Filter>Source Files\TimeSynchronization</Filter>
    </ClCompile>
    <ClCompile Include="TimeSynchronization\Time.cpp">
      <Filter>Source Files\TimeSynchronization</Filter>
    </ClCompile>
    <ClCompile Include="RLCLedController\RLCLedController.cpp">
      <Filter>Source Files\RLCLedController</Filter>
    </ClCompile>
  </ItemGroup>
</Project>